// !$*UTF8*$!
{
	archiveVersion = 1;
	classes = {
	};
	objectVersion = 46;
	objects = {

/* Begin PBXBuildFile section */
		000843812067EACE004F7D6B /* AppDelegate.swift in Sources */ = {isa = PBXBuildFile; fileRef = 000843802067EACE004F7D6B /* AppDelegate.swift */; };
		000843832067EACE004F7D6B /* ViewController.swift in Sources */ = {isa = PBXBuildFile; fileRef = 000843822067EACE004F7D6B /* ViewController.swift */; };
		000843862067EACE004F7D6B /* Main.storyboard in Resources */ = {isa = PBXBuildFile; fileRef = 000843842067EACE004F7D6B /* Main.storyboard */; };
		000843882067EACE004F7D6B /* Assets.xcassets in Resources */ = {isa = PBXBuildFile; fileRef = 000843872067EACE004F7D6B /* Assets.xcassets */; };
		0008438B2067EACE004F7D6B /* LaunchScreen.storyboard in Resources */ = {isa = PBXBuildFile; fileRef = 000843892067EACE004F7D6B /* LaunchScreen.storyboard */; };
		000843962067EACE004F7D6B /* uberCloneTests.swift in Sources */ = {isa = PBXBuildFile; fileRef = 000843952067EACE004F7D6B /* uberCloneTests.swift */; };
		000843A12067EACE004F7D6B /* uberCloneUITests.swift in Sources */ = {isa = PBXBuildFile; fileRef = 000843A02067EACE004F7D6B /* uberCloneUITests.swift */; };
/* End PBXBuildFile section */

/* Begin PBXContainerItemProxy section */
		000843922067EACE004F7D6B /* PBXContainerItemProxy */ = {
			isa = PBXContainerItemProxy;
			containerPortal = 000843752067EACE004F7D6B /* Project object */;
			proxyType = 1;
			remoteGlobalIDString = 0008437C2067EACE004F7D6B;
			remoteInfo = uberClone;
		};
		0008439D2067EACE004F7D6B /* PBXContainerItemProxy */ = {
			isa = PBXContainerItemProxy;
			containerPortal = 000843752067EACE004F7D6B /* Project object */;
			proxyType = 1;
			remoteGlobalIDString = 0008437C2067EACE004F7D6B;
			remoteInfo = uberClone;
		};
/* End PBXContainerItemProxy section */

/* Begin PBXFileReference section */
		0008437D2067EACE004F7D6B /* uberClone.app */ = {isa = PBXFileReference; explicitFileType = wrapper.application; includeInIndex = 0; path = uberClone.app; sourceTree = BUILT_PRODUCTS_DIR; };
		000843802067EACE004F7D6B /* AppDelegate.swift */ = {isa = PBXFileReference; lastKnownFileType = sourcecode.swift; path = AppDelegate.swift; sourceTree = "<group>"; };
		000843822067EACE004F7D6B /* ViewController.swift */ = {isa = PBXFileReference; lastKnownFileType = sourcecode.swift; path = ViewController.swift; sourceTree = "<group>"; };
		000843852067EACE004F7D6B /* Base */ = {isa = PBXFileReference; lastKnownFileType = file.storyboard; name = Base; path = Base.lproj/Main.storyboard; sourceTree = "<group>"; };
		000843872067EACE004F7D6B /* Assets.xcassets */ = {isa = PBXFileReference; lastKnownFileType = folder.assetcatalog; path = Assets.xcassets; sourceTree = "<group>"; };
		0008438A2067EACE004F7D6B /* Base */ = {isa = PBXFileReference; lastKnownFileType = file.storyboard; name = Base; path = Base.lproj/LaunchScreen.storyboard; sourceTree = "<group>"; };
		0008438C2067EACE004F7D6B /* Info.plist */ = {isa = PBXFileReference; lastKnownFileType = text.plist.xml; path = Info.plist; sourceTree = "<group>"; };
		000843912067EACE004F7D6B /* uberCloneTests.xctest */ = {isa = PBXFileReference; explicitFileType = wrapper.cfbundle; includeInIndex = 0; path = uberCloneTests.xctest; sourceTree = BUILT_PRODUCTS_DIR; };
		000843952067EACE004F7D6B /* uberCloneTests.swift */ = {isa = PBXFileReference; lastKnownFileType = sourcecode.swift; path = uberCloneTests.swift; sourceTree = "<group>"; };
		000843972067EACE004F7D6B /* Info.plist */ = {isa = PBXFileReference; lastKnownFileType = text.plist.xml; path = Info.plist; sourceTree = "<group>"; };
		0008439C2067EACE004F7D6B /* uberCloneUITests.xctest */ = {isa = PBXFileReference; explicitFileType = wrapper.cfbundle; includeInIndex = 0; path = uberCloneUITests.xctest; sourceTree = BUILT_PRODUCTS_DIR; };
		000843A02067EACE004F7D6B /* uberCloneUITests.swift */ = {isa = PBXFileReference; lastKnownFileType = sourcecode.swift; path = uberCloneUITests.swift; sourceTree = "<group>"; };
		000843A22067EACE004F7D6B /* Info.plist */ = {isa = PBXFileReference; lastKnownFileType = text.plist.xml; path = Info.plist; sourceTree = "<group>"; };
/* End PBXFileReference section */

/* Begin PBXFrameworksBuildPhase section */
		0008437A2067EACE004F7D6B /* Frameworks */ = {
			isa = PBXFrameworksBuildPhase;
			buildActionMask = 2147483647;
			files = (
			);
			runOnlyForDeploymentPostprocessing = 0;
		};
		0008438E2067EACE004F7D6B /* Frameworks */ = {
			isa = PBXFrameworksBuildPhase;
			buildActionMask = 2147483647;
			files = (
			);
			runOnlyForDeploymentPostprocessing = 0;
		};
		000843992067EACE004F7D6B /* Frameworks */ = {
			isa = PBXFrameworksBuildPhase;
			buildActionMask = 2147483647;
			files = (
			);
			runOnlyForDeploymentPostprocessing = 0;
		};
/* End PBXFrameworksBuildPhase section */

/* Begin PBXGroup section */
		000843742067EACE004F7D6B = {
			isa = PBXGroup;
			children = (
				0008437F2067EACE004F7D6B /* uberClone */,
				000843942067EACE004F7D6B /* uberCloneTests */,
				0008439F2067EACE004F7D6B /* uberCloneUITests */,
				0008437E2067EACE004F7D6B /* Products */,
			);
			sourceTree = "<group>";
		};
		0008437E2067EACE004F7D6B /* Products */ = {
			isa = PBXGroup;
			children = (
				0008437D2067EACE004F7D6B /* uberClone.app */,
				000843912067EACE004F7D6B /* uberCloneTests.xctest */,
				0008439C2067EACE004F7D6B /* uberCloneUITests.xctest */,
			);
			name = Products;
			sourceTree = "<group>";
		};
		0008437F2067EACE004F7D6B /* uberClone */ = {
			isa = PBXGroup;
			children = (
				000843802067EACE004F7D6B /* AppDelegate.swift */,
				000843822067EACE004F7D6B /* ViewController.swift */,
				000843842067EACE004F7D6B /* Main.storyboard */,
				000843872067EACE004F7D6B /* Assets.xcassets */,
				000843892067EACE004F7D6B /* LaunchScreen.storyboard */,
				0008438C2067EACE004F7D6B /* Info.plist */,
			);
			path = uberClone;
			sourceTree = "<group>";
		};
		000843942067EACE004F7D6B /* uberCloneTests */ = {
			isa = PBXGroup;
			children = (
				000843952067EACE004F7D6B /* uberCloneTests.swift */,
				000843972067EACE004F7D6B /* Info.plist */,
			);
			path = uberCloneTests;
			sourceTree = "<group>";
		};
		0008439F2067EACE004F7D6B /* uberCloneUITests */ = {
			isa = PBXGroup;
			children = (
				000843A02067EACE004F7D6B /* uberCloneUITests.swift */,
				000843A22067EACE004F7D6B /* Info.plist */,
			);
			path = uberCloneUITests;
			sourceTree = "<group>";
		};
/* End PBXGroup section */

/* Begin PBXNativeTarget section */
		0008437C2067EACE004F7D6B /* uberClone */ = {
			isa = PBXNativeTarget;
			buildConfigurationList = 000843A52067EACE004F7D6B /* Build configuration list for PBXNativeTarget "uberClone" */;
			buildPhases = (
				000843792067EACE004F7D6B /* Sources */,
				0008437A2067EACE004F7D6B /* Frameworks */,
				0008437B2067EACE004F7D6B /* Resources */,
			);
			buildRules = (
			);
			dependencies = (
			);
			name = uberClone;
			productName = uberClone;
			productReference = 0008437D2067EACE004F7D6B /* uberClone.app */;
			productType = "com.apple.product-type.application";
		};
		000843902067EACE004F7D6B /* uberCloneTests */ = {
			isa = PBXNativeTarget;
			buildConfigurationList = 000843A82067EACE004F7D6B /* Build configuration list for PBXNativeTarget "uberCloneTests" */;
			buildPhases = (
				0008438D2067EACE004F7D6B /* Sources */,
				0008438E2067EACE004F7D6B /* Frameworks */,
				0008438F2067EACE004F7D6B /* Resources */,
			);
			buildRules = (
			);
			dependencies = (
				000843932067EACE004F7D6B /* PBXTargetDependency */,
			);
			name = uberCloneTests;
			productName = uberCloneTests;
			productReference = 000843912067EACE004F7D6B /* uberCloneTests.xctest */;
			productType = "com.apple.product-type.bundle.unit-test";
		};
		0008439B2067EACE004F7D6B /* uberCloneUITests */ = {
			isa = PBXNativeTarget;
			buildConfigurationList = 000843AB2067EACE004F7D6B /* Build configuration list for PBXNativeTarget "uberCloneUITests" */;
			buildPhases = (
				000843982067EACE004F7D6B /* Sources */,
				000843992067EACE004F7D6B /* Frameworks */,
				0008439A2067EACE004F7D6B /* Resources */,
			);
			buildRules = (
			);
			dependencies = (
				0008439E2067EACE004F7D6B /* PBXTargetDependency */,
			);
			name = uberCloneUITests;
			productName = uberCloneUITests;
			productReference = 0008439C2067EACE004F7D6B /* uberCloneUITests.xctest */;
			productType = "com.apple.product-type.bundle.ui-testing";
		};
/* End PBXNativeTarget section */

/* Begin PBXProject section */
		000843752067EACE004F7D6B /* Project object */ = {
			isa = PBXProject;
			attributes = {
				LastSwiftUpdateCheck = 0820;
				LastUpgradeCheck = 0820;
				ORGANIZATIONNAME = A;
				TargetAttributes = {
					0008437C2067EACE004F7D6B = {
						CreatedOnToolsVersion = 8.2.1;
						ProvisioningStyle = Automatic;
					};
					000843902067EACE004F7D6B = {
						CreatedOnToolsVersion = 8.2.1;
						ProvisioningStyle = Automatic;
						TestTargetID = 0008437C2067EACE004F7D6B;
					};
					0008439B2067EACE004F7D6B = {
						CreatedOnToolsVersion = 8.2.1;
						ProvisioningStyle = Automatic;
						TestTargetID = 0008437C2067EACE004F7D6B;
					};
				};
			};
			buildConfigurationList = 000843782067EACE004F7D6B /* Build configuration list for PBXProject "uberClone" */;
			compatibilityVersion = "Xcode 3.2";
			developmentRegion = English;
			hasScannedForEncodings = 0;
			knownRegions = (
				en,
				Base,
			);
			mainGroup = 000843742067EACE004F7D6B;
			productRefGroup = 0008437E2067EACE004F7D6B /* Products */;
			projectDirPath = "";
			projectRoot = "";
			targets = (
				0008437C2067EACE004F7D6B /* uberClone */,
				000843902067EACE004F7D6B /* uberCloneTests */,
				0008439B2067EACE004F7D6B /* uberCloneUITests */,
			);
		};
/* End PBXProject section */

/* Begin PBXResourcesBuildPhase section */
		0008437B2067EACE004F7D6B /* Resources */ = {
			isa = PBXResourcesBuildPhase;
			buildActionMask = 2147483647;
			files = (
				0008438B2067EACE004F7D6B /* LaunchScreen.storyboard in Resources */,
				000843882067EACE004F7D6B /* Assets.xcassets in Resources */,
				000843862067EACE004F7D6B /* Main.storyboard in Resources */,
			);
			runOnlyForDeploymentPostprocessing = 0;
		};
		0008438F2067EACE004F7D6B /* Resources */ = {
			isa = PBXResourcesBuildPhase;
			buildActionMask = 2147483647;
			files = (
			);
			runOnlyForDeploymentPostprocessing = 0;
		};
		0008439A2067EACE004F7D6B /* Resources */ = {
			isa = PBXResourcesBuildPhase;
			buildActionMask = 2147483647;
			files = (
			);
			runOnlyForDeploymentPostprocessing = 0;
		};
/* End PBXResourcesBuildPhase section */

/* Begin PBXSourcesBuildPhase section */
		000843792067EACE004F7D6B /* Sources */ = {
			isa = PBXSourcesBuildPhase;
			buildActionMask = 2147483647;
			files = (
				000843832067EACE004F7D6B /* ViewController.swift in Sources */,
				000843812067EACE004F7D6B /* AppDelegate.swift in Sources */,
			);
			runOnlyForDeploymentPostprocessing = 0;
		};
		0008438D2067EACE004F7D6B /* Sources */ = {
			isa = PBXSourcesBuildPhase;
			buildActionMask = 2147483647;
			files = (
				000843962067EACE004F7D6B /* uberCloneTests.swift in Sources */,
			);
			runOnlyForDeploymentPostprocessing = 0;
		};
		000843982067EACE004F7D6B /* Sources */ = {
			isa = PBXSourcesBuildPhase;
			buildActionMask = 2147483647;
			files = (
				000843A12067EACE004F7D6B /* uberCloneUITests.swift in Sources */,
			);
			runOnlyForDeploymentPostprocessing = 0;
		};
/* End PBXSourcesBuildPhase section */

/* Begin PBXTargetDependency section */
		000843932067EACE004F7D6B /* PBXTargetDependency */ = {
			isa = PBXTargetDependency;
			target = 0008437C2067EACE004F7D6B /* uberClone */;
			targetProxy = 000843922067EACE004F7D6B /* PBXContainerItemProxy */;
		};
		0008439E2067EACE004F7D6B /* PBXTargetDependency */ = {
			isa = PBXTargetDependency;
			target = 0008437C2067EACE004F7D6B /* uberClone */;
			targetProxy = 0008439D2067EACE004F7D6B /* PBXContainerItemProxy */;
		};
/* End PBXTargetDependency section */

/* Begin PBXVariantGroup section */
		000843842067EACE004F7D6B /* Main.storyboard */ = {
			isa = PBXVariantGroup;
			children = (
				000843852067EACE004F7D6B /* Base */,
			);
			name = Main.storyboard;
			sourceTree = "<group>";
		};
		000843892067EACE004F7D6B /* LaunchScreen.storyboard */ = {
			isa = PBXVariantGroup;
			children = (
				0008438A2067EACE004F7D6B /* Base */,
			);
			name = LaunchScreen.storyboard;
			sourceTree = "<group>";
		};
/* End PBXVariantGroup section */

/* Begin XCBuildConfiguration section */
		000843A32067EACE004F7D6B /* Debug */ = {
			isa = XCBuildConfiguration;
			buildSettings = {
				ALWAYS_SEARCH_USER_PATHS = NO;
				CLANG_ANALYZER_NONNULL = YES;
				CLANG_CXX_LANGUAGE_STANDARD = "gnu++0x";
				CLANG_CXX_LIBRARY = "libc++";
				CLANG_ENABLE_MODULES = YES;
				CLANG_ENABLE_OBJC_ARC = YES;
				CLANG_WARN_BOOL_CONVERSION = YES;
				CLANG_WARN_CONSTANT_CONVERSION = YES;
				CLANG_WARN_DIRECT_OBJC_ISA_USAGE = YES_ERROR;
				CLANG_WARN_DOCUMENTATION_COMMENTS = YES;
				CLANG_WARN_EMPTY_BODY = YES;
				CLANG_WARN_ENUM_CONVERSION = YES;
				CLANG_WARN_INFINITE_RECURSION = YES;
				CLANG_WARN_INT_CONVERSION = YES;
				CLANG_WARN_OBJC_ROOT_CLASS = YES_ERROR;
				CLANG_WARN_SUSPICIOUS_MOVE = YES;
				CLANG_WARN_UNREACHABLE_CODE = YES;
				CLANG_WARN__DUPLICATE_METHOD_MATCH = YES;
				"CODE_SIGN_IDENTITY[sdk=iphoneos*]" = "iPhone Developer";
				COPY_PHASE_STRIP = NO;
				DEBUG_INFORMATION_FORMAT = dwarf;
				ENABLE_STRICT_OBJC_MSGSEND = YES;
				ENABLE_TESTABILITY = YES;
				GCC_C_LANGUAGE_STANDARD = gnu99;
				GCC_DYNAMIC_NO_PIC = NO;
				GCC_NO_COMMON_BLOCKS = YES;
				GCC_OPTIMIZATION_LEVEL = 0;
				GCC_PREPROCESSOR_DEFINITIONS = (
					"DEBUG=1",
					"$(inherited)",
				);
				GCC_WARN_64_TO_32_BIT_CONVERSION = YES;
				GCC_WARN_ABOUT_RETURN_TYPE = YES_ERROR;
				GCC_WARN_UNDECLARED_SELECTOR = YES;
				GCC_WARN_UNINITIALIZED_AUTOS = YES_AGGRESSIVE;
				GCC_WARN_UNUSED_FUNCTION = YES;
				GCC_WARN_UNUSED_VARIABLE = YES;
				IPHONEOS_DEPLOYMENT_TARGET = 10.2;
				MTL_ENABLE_DEBUG_INFO = YES;
				ONLY_ACTIVE_ARCH = YES;
				SDKROOT = iphoneos;
				SWIFT_ACTIVE_COMPILATION_CONDITIONS = DEBUG;
				SWIFT_OPTIMIZATION_LEVEL = "-Onone";
				TARGETED_DEVICE_FAMILY = "1,2";
			};
			name = Debug;
		};
		000843A42067EACE004F7D6B /* Release */ = {
			isa = XCBuildConfiguration;
			buildSettings = {
				ALWAYS_SEARCH_USER_PATHS = NO;
				CLANG_ANALYZER_NONNULL = YES;
				CLANG_CXX_LANGUAGE_STANDARD = "gnu++0x";
				CLANG_CXX_LIBRARY = "libc++";
				CLANG_ENABLE_MODULES = YES;
				CLANG_ENABLE_OBJC_ARC = YES;
				CLANG_WARN_BOOL_CONVERSION = YES;
				CLANG_WARN_CONSTANT_CONVERSION = YES;
				CLANG_WARN_DIRECT_OBJC_ISA_USAGE = YES_ERROR;
				CLANG_WARN_DOCUMENTATION_COMMENTS = YES;
				CLANG_WARN_EMPTY_BODY = YES;
				CLANG_WARN_ENUM_CONVERSION = YES;
				CLANG_WARN_INFINITE_RECURSION = YES;
				CLANG_WARN_INT_CONVERSION = YES;
				CLANG_WARN_OBJC_ROOT_CLASS = YES_ERROR;
				CLANG_WARN_SUSPICIOUS_MOVE = YES;
				CLANG_WARN_UNREACHABLE_CODE = YES;
				CLANG_WARN__DUPLICATE_METHOD_MATCH = YES;
				"CODE_SIGN_IDENTITY[sdk=iphoneos*]" = "iPhone Developer";
				COPY_PHASE_STRIP = NO;
				DEBUG_INFORMATION_FORMAT = "dwarf-with-dsym";
				ENABLE_NS_ASSERTIONS = NO;
				ENABLE_STRICT_OBJC_MSGSEND = YES;
				GCC_C_LANGUAGE_STANDARD = gnu99;
				GCC_NO_COMMON_BLOCKS = YES;
				GCC_WARN_64_TO_32_BIT_CONVERSION = YES;
				GCC_WARN_ABOUT_RETURN_TYPE = YES_ERROR;
				GCC_WARN_UNDECLARED_SELECTOR = YES;
				GCC_WARN_UNINITIALIZED_AUTOS = YES_AGGRESSIVE;
				GCC_WARN_UNUSED_FUNCTION = YES;
				GCC_WARN_UNUSED_VARIABLE = YES;
				IPHONEOS_DEPLOYMENT_TARGET = 10.2;
				MTL_ENABLE_DEBUG_INFO = NO;
				SDKROOT = iphoneos;
				SWIFT_OPTIMIZATION_LEVEL = "-Owholemodule";
				TARGETED_DEVICE_FAMILY = "1,2";
				VALIDATE_PRODUCT = YES;
			};
			name = Release;
		};
		000843A62067EACE004F7D6B /* Debug */ = {
			isa = XCBuildConfiguration;
			buildSettings = {
				ASSETCATALOG_COMPILER_APPICON_NAME = AppIcon;
				INFOPLIST_FILE = uberClone/Info.plist;
				LD_RUNPATH_SEARCH_PATHS = "$(inherited) @executable_path/Frameworks";
				PRODUCT_BUNDLE_IDENTIFIER = uber.uberClone;
				PRODUCT_NAME = "$(TARGET_NAME)";
				SWIFT_VERSION = 3.0;
			};
			name = Debug;
		};
		000843A72067EACE004F7D6B /* Release */ = {
			isa = XCBuildConfiguration;
			buildSettings = {
				ASSETCATALOG_COMPILER_APPICON_NAME = AppIcon;
				INFOPLIST_FILE = uberClone/Info.plist;
				LD_RUNPATH_SEARCH_PATHS = "$(inherited) @executable_path/Frameworks";
				PRODUCT_BUNDLE_IDENTIFIER = uber.uberClone;
				PRODUCT_NAME = "$(TARGET_NAME)";
				SWIFT_VERSION = 3.0;
			};
			name = Release;
		};
		000843A92067EACE004F7D6B /* Debug */ = {
			isa = XCBuildConfiguration;
			buildSettings = {
				ALWAYS_EMBED_SWIFT_STANDARD_LIBRARIES = YES;
				BUNDLE_LOADER = "$(TEST_HOST)";
				INFOPLIST_FILE = uberCloneTests/Info.plist;
				LD_RUNPATH_SEARCH_PATHS = "$(inherited) @executable_path/Frameworks @loader_path/Frameworks";
				PRODUCT_BUNDLE_IDENTIFIER = uber.uberCloneTests;
				PRODUCT_NAME = "$(TARGET_NAME)";
				SWIFT_VERSION = 3.0;
				TEST_HOST = "$(BUILT_PRODUCTS_DIR)/uberClone.app/uberClone";
			};
			name = Debug;
		};
		000843AA2067EACE004F7D6B /* Release */ = {
			isa = XCBuildConfiguration;
			buildSettings = {
				ALWAYS_EMBED_SWIFT_STANDARD_LIBRARIES = YES;
				BUNDLE_LOADER = "$(TEST_HOST)";
				INFOPLIST_FILE = uberCloneTests/Info.plist;
				LD_RUNPATH_SEARCH_PATHS = "$(inherited) @executable_path/Frameworks @loader_path/Frameworks";
				PRODUCT_BUNDLE_IDENTIFIER = uber.uberCloneTests;
				PRODUCT_NAME = "$(TARGET_NAME)";
				SWIFT_VERSION = 3.0;
				TEST_HOST = "$(BUILT_PRODUCTS_DIR)/uberClone.app/uberClone";
			};
			name = Release;
		};
		000843AC2067EACE004F7D6B /* Debug */ = {
			isa = XCBuildConfiguration;
			buildSettings = {
				ALWAYS_EMBED_SWIFT_STANDARD_LIBRARIES = YES;
				INFOPLIST_FILE = uberCloneUITests/Info.plist;
				LD_RUNPATH_SEARCH_PATHS = "$(inherited) @executable_path/Frameworks @loader_path/Frameworks";
				PRODUCT_BUNDLE_IDENTIFIER = uber.uberCloneUITests;
				PRODUCT_NAME = "$(TARGET_NAME)";
				SWIFT_VERSION = 3.0;
				TEST_TARGET_NAME = uberClone;
			};
			name = Debug;
		};
		000843AD2067EACE004F7D6B /* Release */ = {
			isa = XCBuildConfiguration;
			buildSettings = {
				ALWAYS_EMBED_SWIFT_STANDARD_LIBRARIES = YES;
				INFOPLIST_FILE = uberCloneUITests/Info.plist;
				LD_RUNPATH_SEARCH_PATHS = "$(inherited) @executable_path/Frameworks @loader_path/Frameworks";
				PRODUCT_BUNDLE_IDENTIFIER = uber.uberCloneUITests;
				PRODUCT_NAME = "$(TARGET_NAME)";
				SWIFT_VERSION = 3.0;
				TEST_TARGET_NAME = uberClone;
			};
			name = Release;
		};
/* End XCBuildConfiguration section */

/* Begin XCConfigurationList section */
		000843782067EACE004F7D6B /* Build configuration list for PBXProject "uberClone" */ = {
			isa = XCConfigurationList;
			buildConfigurations = (
				000843A32067EACE004F7D6B /* Debug */,
				000843A42067EACE004F7D6B /* Release */,
			);
			defaultConfigurationIsVisible = 0;
			defaultConfigurationName = Release;
		};
		000843A52067EACE004F7D6B /* Build configuration list for PBXNativeTarget "uberClone" */ = {
			isa = XCConfigurationList;
			buildConfigurations = (
				000843A62067EACE004F7D6B /* Debug */,
				000843A72067EACE004F7D6B /* Release */,
			);
			defaultConfigurationIsVisible = 0;
		};
		000843A82067EACE004F7D6B /* Build configuration list for PBXNativeTarget "uberCloneTests" */ = {
			isa = XCConfigurationList;
			buildConfigurations = (
				000843A92067EACE004F7D6B /* Debug */,
				000843AA2067EACE004F7D6B /* Release */,
			);
			defaultConfigurationIsVisible = 0;
		};
		000843AB2067EACE004F7D6B /* Build configuration list for PBXNativeTarget "uberCloneUITests" */ = {
			isa = XCConfigurationList;
			buildConfigurations = (
				000843AC2067EACE004F7D6B /* Debug */,
				000843AD2067EACE004F7D6B /* Release */,
			);
			defaultConfigurationIsVisible = 0;
		};
/* End XCConfigurationList section */
	};
	rootObject = 000843752067EACE004F7D6B /* Project object */;
}
